
Microsoft Visual Studio Solution File, Format Version 12.00
# Visual Studio Version 17
VisualStudioVersion = 17.14.36202.13 d17.14
MinimumVisualStudioVersion = 10.0.40219.1
Project("{FAE04EC0-301F-11D3-BF4B-00C04F79EFBC}") = "Zadanie1.3", "Zadanie1.3\Zadanie1.3.csproj", "{C16437CF-5163-4D2C-91C4-21C9D851D3EB}"
EndProject
Global
	GlobalSection(SolutionConfigurationPlatforms) = preSolution
		Debug|Any CPU = Debug|Any CPU
		Release|Any CPU = Release|Any CPU
	EndGlobalSection
	GlobalSection(ProjectConfigurationPlatforms) = postSolution
		{C16437CF-5163-4D2C-91C4-21C9D851D3EB}.Debug|Any CPU.ActiveCfg = Debug|Any CPU
		{C16437CF-5163-4D2C-91C4-21C9D851D3EB}.Debug|Any CPU.Build.0 = Debug|Any CPU
		{C16437CF-5163-4D2C-91C4-21C9D851D3EB}.Release|Any CPU.ActiveCfg = Release|Any CPU
		{C16437CF-5163-4D2C-91C4-21C9D851D3EB}.Release|Any CPU.Build.0 = Release|Any CPU
	EndGlobalSection
	GlobalSection(SolutionProperties) = preSolution
		HideSolutionNode = FALSE
	EndGlobalSection
	GlobalSection(ExtensibilityGlobals) = postSolution
		SolutionGuid = {A05824DB-1408-4167-BC93-933B0D26FD52}
	EndGlobalSection
EndGlobal
